{
  "nodes": {
    "nixpkgs": {
      "locked": {
        "lastModified": 1633422542,
        "narHash": "sha256-JYz2PmVogNRO8DhcvXzL/QhZzboTspJz2YSRlnAj8aM=",
        "owner": "nixos",
        "repo": "nixpkgs",
        "rev": "aff647e2704fa1223994604887bb78276dc57083",
        "type": "github"
      },
      "original": {
        "owner": "nixos",
        "ref": "nixos-21.05",
        "repo": "nixpkgs",
        "type": "github"
      }
    },
    "root": {
      "inputs": {
        "nixpkgs": "nixpkgs"
      }
    }
  },
  "root": "root",
  "version": 7
}
